
Microsoft Visual Studio Solution File, Format Version 12.00
# Visual Studio Version 17
VisualStudioVersion = 17.3.32825.248
MinimumVisualStudioVersion = 10.0.40219.1
Project("{FAE04EC0-301F-11D3-BF4B-00C04F79EFBC}") = "ConsoleApp1", "ConsoleApp1\ConsoleApp1.csproj", "{A24091F4-CFE6-45C9-B1FC-6FF7D46AC2FB}"
EndProject
Global
	GlobalSection(SolutionConfigurationPlatforms) = preSolution
		Debug|Any CPU = Debug|Any CPU
		Release|Any CPU = Release|Any CPU
	EndGlobalSection
	GlobalSection(ProjectConfigurationPlatforms) = postSolution
		{A24091F4-CFE6-45C9-B1FC-6FF7D46AC2FB}.Debug|Any CPU.ActiveCfg = Debug|Any CPU
		{A24091F4-CFE6-45C9-B1FC-6FF7D46AC2FB}.Debug|Any CPU.Build.0 = Debug|Any CPU
		{A24091F4-CFE6-45C9-B1FC-6FF7D46AC2FB}.Release|Any CPU.ActiveCfg = Release|Any CPU
		{A24091F4-CFE6-45C9-B1FC-6FF7D46AC2FB}.Release|Any CPU.Build.0 = Release|Any CPU
	EndGlobalSection
	GlobalSection(SolutionProperties) = preSolution
		HideSolutionNode = FALSE
	EndGlobalSection
	GlobalSection(ExtensibilityGlobals) = postSolution
		SolutionGuid = {31BCE735-6C20-4763-B20B-98630CB88E92}
	EndGlobalSection
EndGlobal
